// !$*UTF8*$!
{
	archiveVersion = 1;
	classes = {
	};
	objectVersion = 46;
	objects = {

/* Begin PBXBuildFile section */
		0A7F7B141BEC4AE100B12B9D /* FacedEmployer.m in Sources */ = {isa = PBXBuildFile; fileRef = 0A7F7B131BEC4AE100B12B9D /* FacedEmployer.m */; settings = {ASSET_TAGS = (); }; };
		0A7F7B191BEC52E300B12B9D /* EventDispatcher.m in Sources */ = {isa = PBXBuildFile; fileRef = 0A7F7B181BEC52E300B12B9D /* EventDispatcher.m */; settings = {ASSET_TAGS = (); }; };
		0AFBAF7F1BEB31E9008AE72B /* TrimString.m in Sources */ = {isa = PBXBuildFile; fileRef = 0AFBAF7E1BEB31E9008AE72B /* TrimString.m */; settings = {ASSET_TAGS = (); }; };
		0AFBAF831BEB53E4008AE72B /* DownLoader.m in Sources */ = {isa = PBXBuildFile; fileRef = 0AFBAF821BEB53E4008AE72B /* DownLoader.m */; settings = {ASSET_TAGS = (); }; };
		0AFF4A201BEB0403001C2B11 /* XML_Decode.m in Sources */ = {isa = PBXBuildFile; fileRef = 0AFF4A1F1BEB0403001C2B11 /* XML_Decode.m */; settings = {ASSET_TAGS = (); }; };
		0AFF4A241BEB0DA6001C2B11 /* XMLNode.m in Sources */ = {isa = PBXBuildFile; fileRef = 0AFF4A231BEB0DA6001C2B11 /* XMLNode.m */; settings = {ASSET_TAGS = (); }; };
		20138C9E1BE7AD07001F04EB /* TickManager.m in Sources */ = {isa = PBXBuildFile; fileRef = 20138C9D1BE7AD07001F04EB /* TickManager.m */; };
		201C42521BEE261800E7A316 /* BaseOberver.m in Sources */ = {isa = PBXBuildFile; fileRef = 201C42511BEE261800E7A316 /* BaseOberver.m */; };
		207AA7681BE25529008D5E44 /* SoundManager.m in Sources */ = {isa = PBXBuildFile; fileRef = 207AA7671BE25529008D5E44 /* SoundManager.m */; };
		20B530D21BE24F75001956A6 /* main.m in Sources */ = {isa = PBXBuildFile; fileRef = 20B530D11BE24F75001956A6 /* main.m */; };
		20B530D51BE24F75001956A6 /* AppDelegate.m in Sources */ = {isa = PBXBuildFile; fileRef = 20B530D41BE24F75001956A6 /* AppDelegate.m */; };
		20B530D81BE24F75001956A6 /* GameScene.m in Sources */ = {isa = PBXBuildFile; fileRef = 20B530D71BE24F75001956A6 /* GameScene.m */; };
		20B530DA1BE24F75001956A6 /* GameScene.sks in Resources */ = {isa = PBXBuildFile; fileRef = 20B530D91BE24F75001956A6 /* GameScene.sks */; };
		20B530DD1BE24F75001956A6 /* GameViewController.m in Sources */ = {isa = PBXBuildFile; fileRef = 20B530DC1BE24F75001956A6 /* GameViewController.m */; };
		20B530E01BE24F75001956A6 /* Main.storyboard in Resources */ = {isa = PBXBuildFile; fileRef = 20B530DE1BE24F75001956A6 /* Main.storyboard */; };
		20B530E21BE24F75001956A6 /* Assets.xcassets in Resources */ = {isa = PBXBuildFile; fileRef = 20B530E11BE24F75001956A6 /* Assets.xcassets */; };
		20B530E51BE24F75001956A6 /* LaunchScreen.storyboard in Resources */ = {isa = PBXBuildFile; fileRef = 20B530E31BE24F75001956A6 /* LaunchScreen.storyboard */; };
		20B530F01BE24F76001956A6 /* GlimmerTests.m in Sources */ = {isa = PBXBuildFile; fileRef = 20B530EF1BE24F76001956A6 /* GlimmerTests.m */; };
		20B530FB1BE24F76001956A6 /* GlimmerUITests.m in Sources */ = {isa = PBXBuildFile; fileRef = 20B530FA1BE24F76001956A6 /* GlimmerUITests.m */; };
		20B5310F1BE2514B001956A6 /* MoreTableView.m in Sources */ = {isa = PBXBuildFile; fileRef = 20B5310A1BE2514B001956A6 /* MoreTableView.m */; };
		20B531101BE2514B001956A6 /* NetSocket.m in Sources */ = {isa = PBXBuildFile; fileRef = 20B5310C1BE2514B001956A6 /* NetSocket.m */; };
		20B531111BE2514B001956A6 /* NetTcp.m in Sources */ = {isa = PBXBuildFile; fileRef = 20B5310E1BE2514B001956A6 /* NetTcp.m */; };
		20B531141BE2515A001956A6 /* ActionUtils.m in Sources */ = {isa = PBXBuildFile; fileRef = 20B531131BE2515A001956A6 /* ActionUtils.m */; };
		20B531161BE2517E001956A6 /* CocoaAsyncSocket.framework in Frameworks */ = {isa = PBXBuildFile; fileRef = 20B531151BE2517E001956A6 /* CocoaAsyncSocket.framework */; };
		20D2C2EC1BEBA706009EFF99 /* QuickHandler.m in Sources */ = {isa = PBXBuildFile; fileRef = 20D2C2EB1BEBA706009EFF99 /* QuickHandler.m */; };
		20F056331BE2525D004727D8 /* DrawUtils.m in Sources */ = {isa = PBXBuildFile; fileRef = 20F056321BE2525D004727D8 /* DrawUtils.m */; };
/* End PBXBuildFile section */

/* Begin PBXContainerItemProxy section */
		20B530EC1BE24F76001956A6 /* PBXContainerItemProxy */ = {
			isa = PBXContainerItemProxy;
			containerPortal = 20B530C51BE24F75001956A6 /* Project object */;
			proxyType = 1;
			remoteGlobalIDString = 20B530CC1BE24F75001956A6;
			remoteInfo = Glimmer;
		};
		20B530F71BE24F76001956A6 /* PBXContainerItemProxy */ = {
			isa = PBXContainerItemProxy;
			containerPortal = 20B530C51BE24F75001956A6 /* Project object */;
			proxyType = 1;
			remoteGlobalIDString = 20B530CC1BE24F75001956A6;
			remoteInfo = Glimmer;
		};
/* End PBXContainerItemProxy section */

/* Begin PBXFileReference section */
		0A7F7B0A1BEC3DD500B12B9D /* GlimmerHeadquarters.h */ = {isa = PBXFileReference; fileEncoding = 4; lastKnownFileType = sourcecode.c.h; path = GlimmerHeadquarters.h; sourceTree = "<group>"; };
		0A7F7B111BEC4A9E00B12B9D /* CommandHandler.h */ = {isa = PBXFileReference; fileEncoding = 4; lastKnownFileType = sourcecode.c.h; path = CommandHandler.h; sourceTree = "<group>"; };
		0A7F7B121BEC4AE100B12B9D /* FacedEmployer.h */ = {isa = PBXFileReference; fileEncoding = 4; lastKnownFileType = sourcecode.c.h; path = FacedEmployer.h; sourceTree = "<group>"; };
		0A7F7B131BEC4AE100B12B9D /* FacedEmployer.m */ = {isa = PBXFileReference; fileEncoding = 4; lastKnownFileType = sourcecode.c.objc; path = FacedEmployer.m; sourceTree = "<group>"; };
		0A7F7B151BEC4B0E00B12B9D /* IDataTable.h */ = {isa = PBXFileReference; fileEncoding = 4; lastKnownFileType = sourcecode.c.h; path = IDataTable.h; sourceTree = "<group>"; };
		0A7F7B171BEC52E300B12B9D /* EventDispatcher.h */ = {isa = PBXFileReference; fileEncoding = 4; lastKnownFileType = sourcecode.c.h; path = EventDispatcher.h; sourceTree = "<group>"; };
		0A7F7B181BEC52E300B12B9D /* EventDispatcher.m */ = {isa = PBXFileReference; fileEncoding = 4; lastKnownFileType = sourcecode.c.objc; path = EventDispatcher.m; sourceTree = "<group>"; };
		0AFBAF7D1BEB31E9008AE72B /* TrimString.h */ = {isa = PBXFileReference; fileEncoding = 4; lastKnownFileType = sourcecode.c.h; path = TrimString.h; sourceTree = "<group>"; };
		0AFBAF7E1BEB31E9008AE72B /* TrimString.m */ = {isa = PBXFileReference; fileEncoding = 4; lastKnownFileType = sourcecode.c.objc; path = TrimString.m; sourceTree = "<group>"; };
		0AFBAF811BEB53E4008AE72B /* DownLoader.h */ = {isa = PBXFileReference; fileEncoding = 4; lastKnownFileType = sourcecode.c.h; path = DownLoader.h; sourceTree = "<group>"; };
		0AFBAF821BEB53E4008AE72B /* DownLoader.m */ = {isa = PBXFileReference; fileEncoding = 4; lastKnownFileType = sourcecode.c.objc; path = DownLoader.m; sourceTree = "<group>"; };
		0AFF4A1E1BEB0403001C2B11 /* XML_Decode.h */ = {isa = PBXFileReference; fileEncoding = 4; lastKnownFileType = sourcecode.c.h; path = XML_Decode.h; sourceTree = "<group>"; };
		0AFF4A1F1BEB0403001C2B11 /* XML_Decode.m */ = {isa = PBXFileReference; fileEncoding = 4; lastKnownFileType = sourcecode.c.objc; path = XML_Decode.m; sourceTree = "<group>"; };
		0AFF4A221BEB0DA6001C2B11 /* XMLNode.h */ = {isa = PBXFileReference; fileEncoding = 4; lastKnownFileType = sourcecode.c.h; path = XMLNode.h; sourceTree = "<group>"; };
		0AFF4A231BEB0DA6001C2B11 /* XMLNode.m */ = {isa = PBXFileReference; fileEncoding = 4; lastKnownFileType = sourcecode.c.objc; path = XMLNode.m; sourceTree = "<group>"; };
		20138C9C1BE7AD07001F04EB /* TickManager.h */ = {isa = PBXFileReference; fileEncoding = 4; lastKnownFileType = sourcecode.c.h; path = TickManager.h; sourceTree = "<group>"; };
		20138C9D1BE7AD07001F04EB /* TickManager.m */ = {isa = PBXFileReference; fileEncoding = 4; lastKnownFileType = sourcecode.c.objc; path = TickManager.m; sourceTree = "<group>"; };
		201C42501BEE261800E7A316 /* BaseOberver.h */ = {isa = PBXFileReference; fileEncoding = 4; lastKnownFileType = sourcecode.c.h; path = BaseOberver.h; sourceTree = "<group>"; };
		201C42511BEE261800E7A316 /* BaseOberver.m */ = {isa = PBXFileReference; fileEncoding = 4; lastKnownFileType = sourcecode.c.objc; path = BaseOberver.m; sourceTree = "<group>"; };
		207AA7661BE25529008D5E44 /* SoundManager.h */ = {isa = PBXFileReference; fileEncoding = 4; lastKnownFileType = sourcecode.c.h; path = SoundManager.h; sourceTree = "<group>"; };
		207AA7671BE25529008D5E44 /* SoundManager.m */ = {isa = PBXFileReference; fileEncoding = 4; lastKnownFileType = sourcecode.c.objc; path = SoundManager.m; sourceTree = "<group>"; };
		20B530CD1BE24F75001956A6 /* Glimmer.app */ = {isa = PBXFileReference; explicitFileType = wrapper.application; includeInIndex = 0; path = Glimmer.app; sourceTree = BUILT_PRODUCTS_DIR; };
		20B530D11BE24F75001956A6 /* main.m */ = {isa = PBXFileReference; lastKnownFileType = sourcecode.c.objc; path = main.m; sourceTree = "<group>"; };
		20B530D31BE24F75001956A6 /* AppDelegate.h */ = {isa = PBXFileReference; lastKnownFileType = sourcecode.c.h; path = AppDelegate.h; sourceTree = "<group>"; };
		20B530D41BE24F75001956A6 /* AppDelegate.m */ = {isa = PBXFileReference; lastKnownFileType = sourcecode.c.objc; path = AppDelegate.m; sourceTree = "<group>"; };
		20B530D61BE24F75001956A6 /* GameScene.h */ = {isa = PBXFileReference; lastKnownFileType = sourcecode.c.h; path = GameScene.h; sourceTree = "<group>"; };
		20B530D71BE24F75001956A6 /* GameScene.m */ = {isa = PBXFileReference; lastKnownFileType = sourcecode.c.objc; path = GameScene.m; sourceTree = "<group>"; };
		20B530D91BE24F75001956A6 /* GameScene.sks */ = {isa = PBXFileReference; lastKnownFileType = file.sks; path = GameScene.sks; sourceTree = "<group>"; };
		20B530DB1BE24F75001956A6 /* GameViewController.h */ = {isa = PBXFileReference; lastKnownFileType = sourcecode.c.h; path = GameViewController.h; sourceTree = "<group>"; };
		20B530DC1BE24F75001956A6 /* GameViewController.m */ = {isa = PBXFileReference; lastKnownFileType = sourcecode.c.objc; path = GameViewController.m; sourceTree = "<group>"; };
		20B530DF1BE24F75001956A6 /* Base */ = {isa = PBXFileReference; lastKnownFileType = file.storyboard; name = Base; path = Base.lproj/Main.storyboard; sourceTree = "<group>"; };
		20B530E11BE24F75001956A6 /* Assets.xcassets */ = {isa = PBXFileReference; lastKnownFileType = folder.assetcatalog; path = Assets.xcassets; sourceTree = "<group>"; };
		20B530E41BE24F75001956A6 /* Base */ = {isa = PBXFileReference; lastKnownFileType = file.storyboard; name = Base; path = Base.lproj/LaunchScreen.storyboard; sourceTree = "<group>"; };
		20B530E61BE24F75001956A6 /* Info.plist */ = {isa = PBXFileReference; lastKnownFileType = text.plist.xml; path = Info.plist; sourceTree = "<group>"; };
		20B530EB1BE24F76001956A6 /* GlimmerTests.xctest */ = {isa = PBXFileReference; explicitFileType = wrapper.cfbundle; includeInIndex = 0; path = GlimmerTests.xctest; sourceTree = BUILT_PRODUCTS_DIR; };
		20B530EF1BE24F76001956A6 /* GlimmerTests.m */ = {isa = PBXFileReference; lastKnownFileType = sourcecode.c.objc; path = GlimmerTests.m; sourceTree = "<group>"; };
		20B530F11BE24F76001956A6 /* Info.plist */ = {isa = PBXFileReference; lastKnownFileType = text.plist.xml; path = Info.plist; sourceTree = "<group>"; };
		20B530F61BE24F76001956A6 /* GlimmerUITests.xctest */ = {isa = PBXFileReference; explicitFileType = wrapper.cfbundle; includeInIndex = 0; path = GlimmerUITests.xctest; sourceTree = BUILT_PRODUCTS_DIR; };
		20B530FA1BE24F76001956A6 /* GlimmerUITests.m */ = {isa = PBXFileReference; lastKnownFileType = sourcecode.c.objc; path = GlimmerUITests.m; sourceTree = "<group>"; };
		20B530FC1BE24F76001956A6 /* Info.plist */ = {isa = PBXFileReference; lastKnownFileType = text.plist.xml; path = Info.plist; sourceTree = "<group>"; };
		20B531091BE2514B001956A6 /* MoreTableView.h */ = {isa = PBXFileReference; fileEncoding = 4; lastKnownFileType = sourcecode.c.h; path = MoreTableView.h; sourceTree = "<group>"; };
		20B5310A1BE2514B001956A6 /* MoreTableView.m */ = {isa = PBXFileReference; fileEncoding = 4; lastKnownFileType = sourcecode.c.objc; path = MoreTableView.m; sourceTree = "<group>"; };
		20B5310B1BE2514B001956A6 /* NetSocket.h */ = {isa = PBXFileReference; fileEncoding = 4; lastKnownFileType = sourcecode.c.h; path = NetSocket.h; sourceTree = "<group>"; };
		20B5310C1BE2514B001956A6 /* NetSocket.m */ = {isa = PBXFileReference; fileEncoding = 4; lastKnownFileType = sourcecode.c.objc; path = NetSocket.m; sourceTree = "<group>"; };
		20B5310D1BE2514B001956A6 /* NetTcp.h */ = {isa = PBXFileReference; fileEncoding = 4; lastKnownFileType = sourcecode.c.h; path = NetTcp.h; sourceTree = "<group>"; };
		20B5310E1BE2514B001956A6 /* NetTcp.m */ = {isa = PBXFileReference; fileEncoding = 4; lastKnownFileType = sourcecode.c.objc; path = NetTcp.m; sourceTree = "<group>"; };
		20B531121BE2515A001956A6 /* ActionUtils.h */ = {isa = PBXFileReference; fileEncoding = 4; lastKnownFileType = sourcecode.c.h; path = ActionUtils.h; sourceTree = "<group>"; };
		20B531131BE2515A001956A6 /* ActionUtils.m */ = {isa = PBXFileReference; fileEncoding = 4; lastKnownFileType = sourcecode.c.objc; path = ActionUtils.m; sourceTree = "<group>"; };
		20B531151BE2517E001956A6 /* CocoaAsyncSocket.framework */ = {isa = PBXFileReference; lastKnownFileType = wrapper.framework; path = CocoaAsyncSocket.framework; sourceTree = "<group>"; };
		20D2C2EA1BEBA706009EFF99 /* QuickHandler.h */ = {isa = PBXFileReference; fileEncoding = 4; lastKnownFileType = sourcecode.c.h; path = QuickHandler.h; sourceTree = "<group>"; };
		20D2C2EB1BEBA706009EFF99 /* QuickHandler.m */ = {isa = PBXFileReference; fileEncoding = 4; lastKnownFileType = sourcecode.c.objc; path = QuickHandler.m; sourceTree = "<group>"; };
		20D2C2EE1BEBAA1A009EFF99 /* IAction.h */ = {isa = PBXFileReference; fileEncoding = 4; lastKnownFileType = sourcecode.c.h; path = IAction.h; sourceTree = "<group>"; };
		20D2C2EF1BEBAA83009EFF99 /* INetwork.h */ = {isa = PBXFileReference; fileEncoding = 4; lastKnownFileType = sourcecode.c.h; path = INetwork.h; sourceTree = "<group>"; };
		20D2C2F11BEBAB28009EFF99 /* IObject.h */ = {isa = PBXFileReference; fileEncoding = 4; lastKnownFileType = sourcecode.c.h; path = IObject.h; sourceTree = "<group>"; };
		20F056311BE2525D004727D8 /* DrawUtils.h */ = {isa = PBXFileReference; fileEncoding = 4; lastKnownFileType = sourcecode.c.h; path = DrawUtils.h; sourceTree = "<group>"; };
		20F056321BE2525D004727D8 /* DrawUtils.m */ = {isa = PBXFileReference; fileEncoding = 4; lastKnownFileType = sourcecode.c.objc; path = DrawUtils.m; sourceTree = "<group>"; };
/* End PBXFileReference section */

/* Begin PBXFrameworksBuildPhase section */
		20B530CA1BE24F75001956A6 /* Frameworks */ = {
			isa = PBXFrameworksBuildPhase;
			buildActionMask = 2147483647;
			files = (
				20B531161BE2517E001956A6 /* CocoaAsyncSocket.framework in Frameworks */,
			);
			runOnlyForDeploymentPostprocessing = 0;
		};
		20B530E81BE24F76001956A6 /* Frameworks */ = {
			isa = PBXFrameworksBuildPhase;
			buildActionMask = 2147483647;
			files = (
			);
			runOnlyForDeploymentPostprocessing = 0;
		};
		20B530F31BE24F76001956A6 /* Frameworks */ = {
			isa = PBXFrameworksBuildPhase;
			buildActionMask = 2147483647;
			files = (
			);
			runOnlyForDeploymentPostprocessing = 0;
		};
/* End PBXFrameworksBuildPhase section */

/* Begin PBXGroup section */
		0A7F7B0B1BEC3E8F00B12B9D /* frame */ = {
			isa = PBXGroup;
			children = (
				201C42541BEE443D00E7A316 /* core */,
				201C424F1BEE25D700E7A316 /* obervers */,
				0A7F7B231BEC5B1100B12B9D /* interfaces */,
				0A7F7B121BEC4AE100B12B9D /* FacedEmployer.h */,
				0A7F7B131BEC4AE100B12B9D /* FacedEmployer.m */,
			);
			name = frame;
			sourceTree = "<group>";
		};
		0A7F7B231BEC5B1100B12B9D /* interfaces */ = {
			isa = PBXGroup;
			children = (
				0A7F7B151BEC4B0E00B12B9D /* IDataTable.h */,
				0A7F7B111BEC4A9E00B12B9D /* CommandHandler.h */,
			);
			name = interfaces;
			sourceTree = "<group>";
		};
		0AFBAF801BEB53CD008AE72B /* http */ = {
			isa = PBXGroup;
			children = (
				0AFBAF811BEB53E4008AE72B /* DownLoader.h */,
				0AFBAF821BEB53E4008AE72B /* DownLoader.m */,
			);
			name = http;
			sourceTree = "<group>";
		};
		0AFF4A211BEB0D88001C2B11 /* xml */ = {
			isa = PBXGroup;
			children = (
				0AFF4A1E1BEB0403001C2B11 /* XML_Decode.h */,
				0AFF4A1F1BEB0403001C2B11 /* XML_Decode.m */,
				0AFF4A221BEB0DA6001C2B11 /* XMLNode.h */,
				0AFF4A231BEB0DA6001C2B11 /* XMLNode.m */,
				0AFBAF7D1BEB31E9008AE72B /* TrimString.h */,
				0AFBAF7E1BEB31E9008AE72B /* TrimString.m */,
			);
			name = xml;
			sourceTree = "<group>";
		};
		201C424F1BEE25D700E7A316 /* obervers */ = {
			isa = PBXGroup;
			children = (
				201C42501BEE261800E7A316 /* BaseOberver.h */,
				201C42511BEE261800E7A316 /* BaseOberver.m */,
			);
			name = obervers;
			sourceTree = "<group>";
		};
		201C42541BEE443D00E7A316 /* core */ = {
			isa = PBXGroup;
			children = (
				0A7F7B171BEC52E300B12B9D /* EventDispatcher.h */,
				0A7F7B181BEC52E300B12B9D /* EventDispatcher.m */,
			);
			name = core;
			sourceTree = "<group>";
		};
		202A125A1BEBA29B008A3026 /* manager */ = {
			isa = PBXGroup;
			children = (
				207AA7661BE25529008D5E44 /* SoundManager.h */,
				207AA7671BE25529008D5E44 /* SoundManager.m */,
				20138C9C1BE7AD07001F04EB /* TickManager.h */,
				20138C9D1BE7AD07001F04EB /* TickManager.m */,
			);
			name = manager;
			sourceTree = "<group>";
		};
		202A125B1BEBA2C5008A3026 /* net */ = {
			isa = PBXGroup;
			children = (
				0AFBAF801BEB53CD008AE72B /* http */,
				20F0562F1BE25228004727D8 /* socket */,
				20D2C2EF1BEBAA83009EFF99 /* INetwork.h */,
			);
			name = net;
			sourceTree = "<group>";
		};
		202A125C1BEBA47E008A3026 /* document */ = {
			isa = PBXGroup;
			children = (
			);
			name = document;
			sourceTree = "<group>";
		};
		207AA7691BE25637008D5E44 /* ui */ = {
			isa = PBXGroup;
			children = (
				20D2C2E91BEBA6F1009EFF99 /* test */,
				20D2C2EA1BEBA706009EFF99 /* QuickHandler.h */,
				20D2C2EB1BEBA706009EFF99 /* QuickHandler.m */,
			);
			name = ui;
			sourceTree = "<group>";
		};
		20B530C41BE24F75001956A6 = {
			isa = PBXGroup;
			children = (
				20B530CF1BE24F75001956A6 /* Glimmer */,
				20B530EE1BE24F76001956A6 /* GlimmerTests */,
				20B530F91BE24F76001956A6 /* GlimmerUITests */,
				20B530CE1BE24F75001956A6 /* Products */,
			);
			sourceTree = "<group>";
		};
		20B530CE1BE24F75001956A6 /* Products */ = {
			isa = PBXGroup;
			children = (
				20B530CD1BE24F75001956A6 /* Glimmer.app */,
				20B530EB1BE24F76001956A6 /* GlimmerTests.xctest */,
				20B530F61BE24F76001956A6 /* GlimmerUITests.xctest */,
			);
			name = Products;
			sourceTree = "<group>";
		};
		20B530CF1BE24F75001956A6 /* Glimmer */ = {
			isa = PBXGroup;
			children = (
				20F0562C1BE25208004727D8 /* libs */,
				20F0562D1BE25211004727D8 /* src */,
				20F056351BE2529A004727D8 /* scenes */,
				20B530D31BE24F75001956A6 /* AppDelegate.h */,
				20B530D41BE24F75001956A6 /* AppDelegate.m */,
				20B530DB1BE24F75001956A6 /* GameViewController.h */,
				20B530DC1BE24F75001956A6 /* GameViewController.m */,
				20B530DE1BE24F75001956A6 /* Main.storyboard */,
				20B530E11BE24F75001956A6 /* Assets.xcassets */,
				20B530E31BE24F75001956A6 /* LaunchScreen.storyboard */,
				20B530E61BE24F75001956A6 /* Info.plist */,
				20B530D01BE24F75001956A6 /* Supporting Files */,
			);
			path = Glimmer;
			sourceTree = "<group>";
		};
		20B530D01BE24F75001956A6 /* Supporting Files */ = {
			isa = PBXGroup;
			children = (
				20B530D11BE24F75001956A6 /* main.m */,
			);
			name = "Supporting Files";
			sourceTree = "<group>";
		};
		20B530EE1BE24F76001956A6 /* GlimmerTests */ = {
			isa = PBXGroup;
			children = (
				20B530EF1BE24F76001956A6 /* GlimmerTests.m */,
				20B530F11BE24F76001956A6 /* Info.plist */,
			);
			path = GlimmerTests;
			sourceTree = "<group>";
		};
		20B530F91BE24F76001956A6 /* GlimmerUITests */ = {
			isa = PBXGroup;
			children = (
				20B530FA1BE24F76001956A6 /* GlimmerUITests.m */,
				20B530FC1BE24F76001956A6 /* Info.plist */,
			);
			path = GlimmerUITests;
			sourceTree = "<group>";
		};
		20D2C2E91BEBA6F1009EFF99 /* test */ = {
			isa = PBXGroup;
			children = (
				20B531091BE2514B001956A6 /* MoreTableView.h */,
				20B5310A1BE2514B001956A6 /* MoreTableView.m */,
			);
			name = test;
			sourceTree = "<group>";
		};
		20D2C2ED1BEBA9D1009EFF99 /* actions */ = {
			isa = PBXGroup;
			children = (
				20D2C2EE1BEBAA1A009EFF99 /* IAction.h */,
			);
			name = actions;
			sourceTree = "<group>";
		};
		20D2C2F01BEBAB10009EFF99 /* interfaces */ = {
			isa = PBXGroup;
			children = (
				20D2C2F11BEBAB28009EFF99 /* IObject.h */,
			);
			name = interfaces;
			sourceTree = "<group>";
		};
		20F0562C1BE25208004727D8 /* libs */ = {
			isa = PBXGroup;
			children = (
				20B531151BE2517E001956A6 /* CocoaAsyncSocket.framework */,
			);
			name = libs;
			sourceTree = "<group>";
		};
		20F0562D1BE25211004727D8 /* src */ = {
			isa = PBXGroup;
			children = (
				20F0562E1BE25221004727D8 /* sdk */,
			);
			name = src;
			sourceTree = "<group>";
		};
		20F0562E1BE25221004727D8 /* sdk */ = {
			isa = PBXGroup;
			children = (
				0A7F7B0B1BEC3E8F00B12B9D /* frame */,
				20D2C2F01BEBAB10009EFF99 /* interfaces */,
				20D2C2ED1BEBA9D1009EFF99 /* actions */,
				202A125C1BEBA47E008A3026 /* document */,
				202A125B1BEBA2C5008A3026 /* net */,
				202A125A1BEBA29B008A3026 /* manager */,
				0AFF4A211BEB0D88001C2B11 /* xml */,
				207AA7691BE25637008D5E44 /* ui */,
				20F056301BE25238004727D8 /* utils */,
				0A7F7B0A1BEC3DD500B12B9D /* GlimmerHeadquarters.h */,
			);
			name = sdk;
			sourceTree = "<group>";
		};
		20F0562F1BE25228004727D8 /* socket */ = {
			isa = PBXGroup;
			children = (
				20B5310B1BE2514B001956A6 /* NetSocket.h */,
				20B5310C1BE2514B001956A6 /* NetSocket.m */,
				20B5310D1BE2514B001956A6 /* NetTcp.h */,
				20B5310E1BE2514B001956A6 /* NetTcp.m */,
			);
			name = socket;
			sourceTree = "<group>";
		};
		20F056301BE25238004727D8 /* utils */ = {
			isa = PBXGroup;
			children = (
				20B531121BE2515A001956A6 /* ActionUtils.h */,
				20B531131BE2515A001956A6 /* ActionUtils.m */,
				20F056311BE2525D004727D8 /* DrawUtils.h */,
				20F056321BE2525D004727D8 /* DrawUtils.m */,
			);
			name = utils;
			sourceTree = "<group>";
		};
		20F056351BE2529A004727D8 /* scenes */ = {
			isa = PBXGroup;
			children = (
				20B530D61BE24F75001956A6 /* GameScene.h */,
				20B530D71BE24F75001956A6 /* GameScene.m */,
				20B530D91BE24F75001956A6 /* GameScene.sks */,
			);
			name = scenes;
			sourceTree = "<group>";
		};
/* End PBXGroup section */

/* Begin PBXNativeTarget section */
		20B530CC1BE24F75001956A6 /* Glimmer */ = {
			isa = PBXNativeTarget;
			buildConfigurationList = 20B530FF1BE24F76001956A6 /* Build configuration list for PBXNativeTarget "Glimmer" */;
			buildPhases = (
				20B530C91BE24F75001956A6 /* Sources */,
				20B530CA1BE24F75001956A6 /* Frameworks */,
				20B530CB1BE24F75001956A6 /* Resources */,
			);
			buildRules = (
			);
			dependencies = (
			);
			name = Glimmer;
			productName = Glimmer;
			productReference = 20B530CD1BE24F75001956A6 /* Glimmer.app */;
			productType = "com.apple.product-type.application";
		};
		20B530EA1BE24F76001956A6 /* GlimmerTests */ = {
			isa = PBXNativeTarget;
			buildConfigurationList = 20B531021BE24F76001956A6 /* Build configuration list for PBXNativeTarget "GlimmerTests" */;
			buildPhases = (
				20B530E71BE24F76001956A6 /* Sources */,
				20B530E81BE24F76001956A6 /* Frameworks */,
				20B530E91BE24F76001956A6 /* Resources */,
			);
			buildRules = (
			);
			dependencies = (
				20B530ED1BE24F76001956A6 /* PBXTargetDependency */,
			);
			name = GlimmerTests;
			productName = GlimmerTests;
			productReference = 20B530EB1BE24F76001956A6 /* GlimmerTests.xctest */;
			productType = "com.apple.product-type.bundle.unit-test";
		};
		20B530F51BE24F76001956A6 /* GlimmerUITests */ = {
			isa = PBXNativeTarget;
			buildConfigurationList = 20B531051BE24F76001956A6 /* Build configuration list for PBXNativeTarget "GlimmerUITests" */;
			buildPhases = (
				20B530F21BE24F76001956A6 /* Sources */,
				20B530F31BE24F76001956A6 /* Frameworks */,
				20B530F41BE24F76001956A6 /* Resources */,
			);
			buildRules = (
			);
			dependencies = (
				20B530F81BE24F76001956A6 /* PBXTargetDependency */,
			);
			name = GlimmerUITests;
			productName = GlimmerUITests;
			productReference = 20B530F61BE24F76001956A6 /* GlimmerUITests.xctest */;
			productType = "com.apple.product-type.bundle.ui-testing";
		};
/* End PBXNativeTarget section */

/* Begin PBXProject section */
		20B530C51BE24F75001956A6 /* Project object */ = {
			isa = PBXProject;
			attributes = {
				LastUpgradeCheck = 0700;
				ORGANIZATIONNAME = MikeRiy;
				TargetAttributes = {
					20B530CC1BE24F75001956A6 = {
						CreatedOnToolsVersion = 7.0;
					};
					20B530EA1BE24F76001956A6 = {
						CreatedOnToolsVersion = 7.0;
						TestTargetID = 20B530CC1BE24F75001956A6;
					};
					20B530F51BE24F76001956A6 = {
						CreatedOnToolsVersion = 7.0;
						TestTargetID = 20B530CC1BE24F75001956A6;
					};
				};
			};
			buildConfigurationList = 20B530C81BE24F75001956A6 /* Build configuration list for PBXProject "Glimmer" */;
			compatibilityVersion = "Xcode 3.2";
			developmentRegion = English;
			hasScannedForEncodings = 0;
			knownRegions = (
				en,
				Base,
			);
			mainGroup = 20B530C41BE24F75001956A6;
			productRefGroup = 20B530CE1BE24F75001956A6 /* Products */;
			projectDirPath = "";
			projectRoot = "";
			targets = (
				20B530CC1BE24F75001956A6 /* Glimmer */,
				20B530EA1BE24F76001956A6 /* GlimmerTests */,
				20B530F51BE24F76001956A6 /* GlimmerUITests */,
			);
		};
/* End PBXProject section */

/* Begin PBXResourcesBuildPhase section */
		20B530CB1BE24F75001956A6 /* Resources */ = {
			isa = PBXResourcesBuildPhase;
			buildActionMask = 2147483647;
			files = (
				20B530DA1BE24F75001956A6 /* GameScene.sks in Resources */,
				20B530E51BE24F75001956A6 /* LaunchScreen.storyboard in Resources */,
				20B530E21BE24F75001956A6 /* Assets.xcassets in Resources */,
				20B530E01BE24F75001956A6 /* Main.storyboard in Resources */,
			);
			runOnlyForDeploymentPostprocessing = 0;
		};
		20B530E91BE24F76001956A6 /* Resources */ = {
			isa = PBXResourcesBuildPhase;
			buildActionMask = 2147483647;
			files = (
			);
			runOnlyForDeploymentPostprocessing = 0;
		};
		20B530F41BE24F76001956A6 /* Resources */ = {
			isa = PBXResourcesBuildPhase;
			buildActionMask = 2147483647;
			files = (
			);
			runOnlyForDeploymentPostprocessing = 0;
		};
/* End PBXResourcesBuildPhase section */

/* Begin PBXSourcesBuildPhase section */
		20B530C91BE24F75001956A6 /* Sources */ = {
			isa = PBXSourcesBuildPhase;
			buildActionMask = 2147483647;
			files = (
				0AFBAF7F1BEB31E9008AE72B /* TrimString.m in Sources */,
				20B531101BE2514B001956A6 /* NetSocket.m in Sources */,
				20B530DD1BE24F75001956A6 /* GameViewController.m in Sources */,
				20B530D51BE24F75001956A6 /* AppDelegate.m in Sources */,
				20D2C2EC1BEBA706009EFF99 /* QuickHandler.m in Sources */,
				207AA7681BE25529008D5E44 /* SoundManager.m in Sources */,
				20B5310F1BE2514B001956A6 /* MoreTableView.m in Sources */,
				20B530D81BE24F75001956A6 /* GameScene.m in Sources */,
				0A7F7B141BEC4AE100B12B9D /* FacedEmployer.m in Sources */,
				20B531111BE2514B001956A6 /* NetTcp.m in Sources */,
				20B530D21BE24F75001956A6 /* main.m in Sources */,
				0AFF4A241BEB0DA6001C2B11 /* XMLNode.m in Sources */,
				201C42521BEE261800E7A316 /* BaseOberver.m in Sources */,
				0AFBAF831BEB53E4008AE72B /* DownLoader.m in Sources */,
				20F056331BE2525D004727D8 /* DrawUtils.m in Sources */,
				0AFF4A201BEB0403001C2B11 /* XML_Decode.m in Sources */,
				0A7F7B191BEC52E300B12B9D /* EventDispatcher.m in Sources */,
				20138C9E1BE7AD07001F04EB /* TickManager.m in Sources */,
				20B531141BE2515A001956A6 /* ActionUtils.m in Sources */,
			);
			runOnlyForDeploymentPostprocessing = 0;
		};
		20B530E71BE24F76001956A6 /* Sources */ = {
			isa = PBXSourcesBuildPhase;
			buildActionMask = 2147483647;
			files = (
				20B530F01BE24F76001956A6 /* GlimmerTests.m in Sources */,
			);
			runOnlyForDeploymentPostprocessing = 0;
		};
		20B530F21BE24F76001956A6 /* Sources */ = {
			isa = PBXSourcesBuildPhase;
			buildActionMask = 2147483647;
			files = (
				20B530FB1BE24F76001956A6 /* GlimmerUITests.m in Sources */,
			);
			runOnlyForDeploymentPostprocessing = 0;
		};
/* End PBXSourcesBuildPhase section */

/* Begin PBXTargetDependency section */
		20B530ED1BE24F76001956A6 /* PBXTargetDependency */ = {
			isa = PBXTargetDependency;
			target = 20B530CC1BE24F75001956A6 /* Glimmer */;
			targetProxy = 20B530EC1BE24F76001956A6 /* PBXContainerItemProxy */;
		};
		20B530F81BE24F76001956A6 /* PBXTargetDependency */ = {
			isa = PBXTargetDependency;
			target = 20B530CC1BE24F75001956A6 /* Glimmer */;
			targetProxy = 20B530F71BE24F76001956A6 /* PBXContainerItemProxy */;
		};
/* End PBXTargetDependency section */

/* Begin PBXVariantGroup section */
		20B530DE1BE24F75001956A6 /* Main.storyboard */ = {
			isa = PBXVariantGroup;
			children = (
				20B530DF1BE24F75001956A6 /* Base */,
			);
			name = Main.storyboard;
			sourceTree = "<group>";
		};
		20B530E31BE24F75001956A6 /* LaunchScreen.storyboard */ = {
			isa = PBXVariantGroup;
			children = (
				20B530E41BE24F75001956A6 /* Base */,
			);
			name = LaunchScreen.storyboard;
			sourceTree = "<group>";
		};
/* End PBXVariantGroup section */

/* Begin XCBuildConfiguration section */
		20B530FD1BE24F76001956A6 /* Debug */ = {
			isa = XCBuildConfiguration;
			buildSettings = {
				ALWAYS_SEARCH_USER_PATHS = NO;
				CLANG_CXX_LANGUAGE_STANDARD = "gnu++0x";
				CLANG_CXX_LIBRARY = "libc++";
				CLANG_ENABLE_MODULES = YES;
				CLANG_ENABLE_OBJC_ARC = YES;
				CLANG_WARN_BOOL_CONVERSION = YES;
				CLANG_WARN_CONSTANT_CONVERSION = YES;
				CLANG_WARN_DIRECT_OBJC_ISA_USAGE = YES_ERROR;
				CLANG_WARN_EMPTY_BODY = YES;
				CLANG_WARN_ENUM_CONVERSION = YES;
				CLANG_WARN_INT_CONVERSION = YES;
				CLANG_WARN_OBJC_ROOT_CLASS = YES_ERROR;
				CLANG_WARN_UNREACHABLE_CODE = YES;
				CLANG_WARN__DUPLICATE_METHOD_MATCH = YES;
				"CODE_SIGN_IDENTITY[sdk=iphoneos*]" = "iPhone Developer";
				COPY_PHASE_STRIP = NO;
				DEBUG_INFORMATION_FORMAT = dwarf;
				ENABLE_STRICT_OBJC_MSGSEND = YES;
				ENABLE_TESTABILITY = YES;
				GCC_C_LANGUAGE_STANDARD = gnu99;
				GCC_DYNAMIC_NO_PIC = NO;
				GCC_NO_COMMON_BLOCKS = YES;
				GCC_OPTIMIZATION_LEVEL = 0;
				GCC_PREPROCESSOR_DEFINITIONS = (
					"DEBUG=1",
					"$(inherited)",
				);
				GCC_WARN_64_TO_32_BIT_CONVERSION = YES;
				GCC_WARN_ABOUT_RETURN_TYPE = YES_ERROR;
				GCC_WARN_UNDECLARED_SELECTOR = YES;
				GCC_WARN_UNINITIALIZED_AUTOS = YES_AGGRESSIVE;
				GCC_WARN_UNUSED_FUNCTION = YES;
				GCC_WARN_UNUSED_VARIABLE = YES;
				IPHONEOS_DEPLOYMENT_TARGET = 9.0;
				MTL_ENABLE_DEBUG_INFO = YES;
				ONLY_ACTIVE_ARCH = YES;
				SDKROOT = iphoneos;
				TARGETED_DEVICE_FAMILY = "1,2";
				VALID_ARCHS = "arm64 armv7";
			};
			name = Debug;
		};
		20B530FE1BE24F76001956A6 /* Release */ = {
			isa = XCBuildConfiguration;
			buildSettings = {
				ALWAYS_SEARCH_USER_PATHS = NO;
				CLANG_CXX_LANGUAGE_STANDARD = "gnu++0x";
				CLANG_CXX_LIBRARY = "libc++";
				CLANG_ENABLE_MODULES = YES;
				CLANG_ENABLE_OBJC_ARC = YES;
				CLANG_WARN_BOOL_CONVERSION = YES;
				CLANG_WARN_CONSTANT_CONVERSION = YES;
				CLANG_WARN_DIRECT_OBJC_ISA_USAGE = YES_ERROR;
				CLANG_WARN_EMPTY_BODY = YES;
				CLANG_WARN_ENUM_CONVERSION = YES;
				CLANG_WARN_INT_CONVERSION = YES;
				CLANG_WARN_OBJC_ROOT_CLASS = YES_ERROR;
				CLANG_WARN_UNREACHABLE_CODE = YES;
				CLANG_WARN__DUPLICATE_METHOD_MATCH = YES;
				"CODE_SIGN_IDENTITY[sdk=iphoneos*]" = "iPhone Developer";
				COPY_PHASE_STRIP = NO;
				DEBUG_INFORMATION_FORMAT = "dwarf-with-dsym";
				ENABLE_NS_ASSERTIONS = NO;
				ENABLE_STRICT_OBJC_MSGSEND = YES;
				GCC_C_LANGUAGE_STANDARD = gnu99;
				GCC_NO_COMMON_BLOCKS = YES;
				GCC_WARN_64_TO_32_BIT_CONVERSION = YES;
				GCC_WARN_ABOUT_RETURN_TYPE = YES_ERROR;
				GCC_WARN_UNDECLARED_SELECTOR = YES;
				GCC_WARN_UNINITIALIZED_AUTOS = YES_AGGRESSIVE;
				GCC_WARN_UNUSED_FUNCTION = YES;
				GCC_WARN_UNUSED_VARIABLE = YES;
				IPHONEOS_DEPLOYMENT_TARGET = 9.0;
				MTL_ENABLE_DEBUG_INFO = NO;
				SDKROOT = iphoneos;
				TARGETED_DEVICE_FAMILY = "1,2";
				VALIDATE_PRODUCT = YES;
				VALID_ARCHS = "arm64 armv7";
			};
			name = Release;
		};
		20B531001BE24F76001956A6 /* Debug */ = {
			isa = XCBuildConfiguration;
			buildSettings = {
				ASSETCATALOG_COMPILER_APPICON_NAME = AppIcon;
				FRAMEWORK_SEARCH_PATHS = (
					"$(inherited)",
					"$(PROJECT_DIR)/Glimmer",
				);
				INFOPLIST_FILE = Glimmer/Info.plist;
				LD_RUNPATH_SEARCH_PATHS = "$(inherited) @executable_path/Frameworks";
				PRODUCT_BUNDLE_IDENTIFIER = MyGame.Glimmer;
				PRODUCT_NAME = "$(TARGET_NAME)";
			};
			name = Debug;
		};
		20B531011BE24F76001956A6 /* Release */ = {
			isa = XCBuildConfiguration;
			buildSettings = {
				ASSETCATALOG_COMPILER_APPICON_NAME = AppIcon;
				FRAMEWORK_SEARCH_PATHS = (
					"$(inherited)",
					"$(PROJECT_DIR)/Glimmer",
				);
				INFOPLIST_FILE = Glimmer/Info.plist;
				LD_RUNPATH_SEARCH_PATHS = "$(inherited) @executable_path/Frameworks";
				PRODUCT_BUNDLE_IDENTIFIER = MyGame.Glimmer;
				PRODUCT_NAME = "$(TARGET_NAME)";
			};
			name = Release;
		};
		20B531031BE24F76001956A6 /* Debug */ = {
			isa = XCBuildConfiguration;
			buildSettings = {
				BUNDLE_LOADER = "$(TEST_HOST)";
				INFOPLIST_FILE = GlimmerTests/Info.plist;
				LD_RUNPATH_SEARCH_PATHS = "$(inherited) @executable_path/Frameworks @loader_path/Frameworks";
				PRODUCT_BUNDLE_IDENTIFIER = MyGame.GlimmerTests;
				PRODUCT_NAME = "$(TARGET_NAME)";
				TEST_HOST = "$(BUILT_PRODUCTS_DIR)/Glimmer.app/Glimmer";
			};
			name = Debug;
		};
		20B531041BE24F76001956A6 /* Release */ = {
			isa = XCBuildConfiguration;
			buildSettings = {
				BUNDLE_LOADER = "$(TEST_HOST)";
				INFOPLIST_FILE = GlimmerTests/Info.plist;
				LD_RUNPATH_SEARCH_PATHS = "$(inherited) @executable_path/Frameworks @loader_path/Frameworks";
				PRODUCT_BUNDLE_IDENTIFIER = MyGame.GlimmerTests;
				PRODUCT_NAME = "$(TARGET_NAME)";
				TEST_HOST = "$(BUILT_PRODUCTS_DIR)/Glimmer.app/Glimmer";
			};
			name = Release;
		};
		20B531061BE24F76001956A6 /* Debug */ = {
			isa = XCBuildConfiguration;
			buildSettings = {
				INFOPLIST_FILE = GlimmerUITests/Info.plist;
				LD_RUNPATH_SEARCH_PATHS = "$(inherited) @executable_path/Frameworks @loader_path/Frameworks";
				PRODUCT_BUNDLE_IDENTIFIER = MyGame.GlimmerUITests;
				PRODUCT_NAME = "$(TARGET_NAME)";
				TEST_TARGET_NAME = Glimmer;
				USES_XCTRUNNER = YES;
			};
			name = Debug;
		};
		20B531071BE24F76001956A6 /* Release */ = {
			isa = XCBuildConfiguration;
			buildSettings = {
				INFOPLIST_FILE = GlimmerUITests/Info.plist;
				LD_RUNPATH_SEARCH_PATHS = "$(inherited) @executable_path/Frameworks @loader_path/Frameworks";
				PRODUCT_BUNDLE_IDENTIFIER = MyGame.GlimmerUITests;
				PRODUCT_NAME = "$(TARGET_NAME)";
				TEST_TARGET_NAME = Glimmer;
				USES_XCTRUNNER = YES;
			};
			name = Release;
		};
/* End XCBuildConfiguration section */

/* Begin XCConfigurationList section */
		20B530C81BE24F75001956A6 /* Build configuration list for PBXProject "Glimmer" */ = {
			isa = XCConfigurationList;
			buildConfigurations = (
				20B530FD1BE24F76001956A6 /* Debug */,
				20B530FE1BE24F76001956A6 /* Release */,
			);
			defaultConfigurationIsVisible = 0;
			defaultConfigurationName = Release;
		};
		20B530FF1BE24F76001956A6 /* Build configuration list for PBXNativeTarget "Glimmer" */ = {
			isa = XCConfigurationList;
			buildConfigurations = (
				20B531001BE24F76001956A6 /* Debug */,
				20B531011BE24F76001956A6 /* Release */,
			);
			defaultConfigurationIsVisible = 0;
			defaultConfigurationName = Release;
		};
		20B531021BE24F76001956A6 /* Build configuration list for PBXNativeTarget "GlimmerTests" */ = {
			isa = XCConfigurationList;
			buildConfigurations = (
				20B531031BE24F76001956A6 /* Debug */,
				20B531041BE24F76001956A6 /* Release */,
			);
			defaultConfigurationIsVisible = 0;
			defaultConfigurationName = Release;
		};
		20B531051BE24F76001956A6 /* Build configuration list for PBXNativeTarget "GlimmerUITests" */ = {
			isa = XCConfigurationList;
			buildConfigurations = (
				20B531061BE24F76001956A6 /* Debug */,
				20B531071BE24F76001956A6 /* Release */,
			);
			defaultConfigurationIsVisible = 0;
			defaultConfigurationName = Release;
		};
/* End XCConfigurationList section */
	};
	rootObject = 20B530C51BE24F75001956A6 /* Project object */;
}
